// !$*UTF8*$!
{
	archiveVersion = 1;
	classes = {
	};
	objectVersion = 51;
	objects = {

/* Begin PBXBuildFile section */
		3ADA093523458F4800F5A9C6 /* CoreGraphics.framework in Frameworks */ = {isa = PBXBuildFile; fileRef = 3ADA093423458F4400F5A9C6 /* CoreGraphics.framework */; };
		5FB82D19221CD515006D0331 /* MetalPoseidon.m in Sources */ = {isa = PBXBuildFile; fileRef = 5FB82D18221CD515006D0331 /* MetalPoseidon.m */; };
		5FFAD4D421C8647E00384F46 /* main.m in Sources */ = {isa = PBXBuildFile; fileRef = 5FFAD4D321C8647E00384F46 /* main.m */; };
		5FFAD4DC21C8648800384F46 /* Metal.framework in Frameworks */ = {isa = PBXBuildFile; fileRef = 5FFAD4DB21C8648800384F46 /* Metal.framework */; };
		5FFAD4DE21C869B700384F46 /* poseidon.metal in Sources */ = {isa = PBXBuildFile; fileRef = 5FFAD4DD21C869B700384F46 /* poseidon.metal */; };
/* End PBXBuildFile section */

/* Begin PBXCopyFilesBuildPhase section */
		5FFAD4CE21C8647E00384F46 /* CopyFiles */ = {
			isa = PBXCopyFilesBuildPhase;
			buildActionMask = 2147483647;
			dstPath = /usr/share/man/man1/;
			dstSubfolderSpec = 0;
			files = (
			);
			runOnlyForDeploymentPostprocessing = 1;
		};
/* End PBXCopyFilesBuildPhase section */

/* Begin PBXFileReference section */
		00E3B7B90BF943DB3EE281D2 /* SampleCode.xcconfig */ = {isa = PBXFileReference; lastKnownFileType = text.xcconfig; name = SampleCode.xcconfig; path = Configuration/SampleCode.xcconfig; sourceTree = "<group>"; };
		3ADA093423458F4400F5A9C6 /* CoreGraphics.framework */ = {isa = PBXFileReference; lastKnownFileType = wrapper.framework; name = CoreGraphics.framework; path = Platforms/MacOSX.platform/Developer/SDKs/MacOSX10.15.Internal.sdk/System/Library/Frameworks/CoreGraphics.framework; sourceTree = DEVELOPER_DIR; };
		4A106723543224C1C65C1662 /* LICENSE.txt */ = {isa = PBXFileReference; includeInIndex = 1; lastKnownFileType = text; path = LICENSE.txt; sourceTree = "<group>"; };
		5FB82D17221CD515006D0331 /* MetalPoseidon.h */ = {isa = PBXFileReference; lastKnownFileType = sourcecode.c.h; path = MetalPoseidon.h; sourceTree = "<group>"; };
		5FB82D18221CD515006D0331 /* MetalPoseidon.m */ = {isa = PBXFileReference; lastKnownFileType = sourcecode.c.objc; path = MetalPoseidon.m; sourceTree = "<group>"; };
		5FB82D1A221CE2C7006D0331 /* README.md */ = {isa = PBXFileReference; fileEncoding = 4; lastKnownFileType = net.daringfireball.markdown; path = README.md; sourceTree = "<group>"; };
		5FFAD4D021C8647E00384F46 /* MetalComputeBasic */ = {isa = PBXFileReference; explicitFileType = "compiled.mach-o.executable"; includeInIndex = 0; path = MetalComputeBasic; sourceTree = BUILT_PRODUCTS_DIR; };
		5FFAD4D321C8647E00384F46 /* main.m */ = {isa = PBXFileReference; lastKnownFileType = sourcecode.c.objc; path = main.m; sourceTree = "<group>"; };
		5FFAD4DB21C8648800384F46 /* Metal.framework */ = {isa = PBXFileReference; lastKnownFileType = wrapper.framework; name = Metal.framework; path = System/Library/Frameworks/Metal.framework; sourceTree = SDKROOT; };
		5FFAD4DD21C869B700384F46 /* poseidon.metal */ = {isa = PBXFileReference; lastKnownFileType = sourcecode.metal; path = poseidon.metal; sourceTree = "<group>"; };
/* End PBXFileReference section */

/* Begin PBXFrameworksBuildPhase section */
		5FFAD4CD21C8647E00384F46 /* Frameworks */ = {
			isa = PBXFrameworksBuildPhase;
			buildActionMask = 2147483647;
			files = (
				3ADA093523458F4800F5A9C6 /* CoreGraphics.framework in Frameworks */,
				5FFAD4DC21C8648800384F46 /* Metal.framework in Frameworks */,
			);
			runOnlyForDeploymentPostprocessing = 0;
		};
/* End PBXFrameworksBuildPhase section */

/* Begin PBXGroup section */
		23874244E20619B16248E770 /* Configuration */ = {
			isa = PBXGroup;
			children = (
				00E3B7B90BF943DB3EE281D2 /* SampleCode.xcconfig */,
			);
			name = Configuration;
			sourceTree = "<group>";
		};
		5FFAD4C721C8647D00384F46 = {
			isa = PBXGroup;
			children = (
				5FB82D1A221CE2C7006D0331 /* README.md */,
				5FFAD4D221C8647E00384F46 /* MetalComputeBasic */,
				5FFAD4D121C8647E00384F46 /* Products */,
				5FFAD4DA21C8648800384F46 /* Frameworks */,
				23874244E20619B16248E770 /* Configuration */,
				7A094A9D7CE6DF0EC0F9700D /* LICENSE */,
			);
			sourceTree = "<group>";
		};
		5FFAD4D121C8647E00384F46 /* Products */ = {
			isa = PBXGroup;
			children = (
				5FFAD4D021C8647E00384F46 /* MetalComputeBasic */,
			);
			name = Products;
			sourceTree = "<group>";
		};
		5FFAD4D221C8647E00384F46 /* MetalComputeBasic */ = {
			isa = PBXGroup;
			children = (
				5FFAD4D321C8647E00384F46 /* main.m */,
				5FB82D17221CD515006D0331 /* MetalPoseidon.h */,
				5FB82D18221CD515006D0331 /* MetalPoseidon.m */,
				5FFAD4DD21C869B700384F46 /* poseidon.metal */,
			);
			path = MetalComputeBasic;
			sourceTree = "<group>";
		};
		5FFAD4DA21C8648800384F46 /* Frameworks */ = {
			isa = PBXGroup;
			children = (
				3ADA093423458F4400F5A9C6 /* CoreGraphics.framework */,
				5FFAD4DB21C8648800384F46 /* Metal.framework */,
			);
			name = Frameworks;
			sourceTree = "<group>";
		};
		7A094A9D7CE6DF0EC0F9700D /* LICENSE */ = {
			isa = PBXGroup;
			children = (
				4A106723543224C1C65C1662 /* LICENSE.txt */,
			);
			path = LICENSE;
			sourceTree = "<group>";
		};
/* End PBXGroup section */

/* Begin PBXNativeTarget section */
		5FFAD4CF21C8647E00384F46 /* MetalComputeBasic */ = {
			isa = PBXNativeTarget;
			buildConfigurationList = 5FFAD4D721C8647E00384F46 /* Build configuration list for PBXNativeTarget "MetalComputeBasic" */;
			buildPhases = (
				5FFAD4CC21C8647E00384F46 /* Sources */,
				5FFAD4CD21C8647E00384F46 /* Frameworks */,
				5FFAD4CE21C8647E00384F46 /* CopyFiles */,
			);
			buildRules = (
			);
			dependencies = (
			);
			name = MetalComputeBasic;
			productName = MetalComputeBasic;
			productReference = 5FFAD4D021C8647E00384F46 /* MetalComputeBasic */;
			productType = "com.apple.product-type.tool";
		};
/* End PBXNativeTarget section */

/* Begin PBXProject section */
		5FFAD4C821C8647E00384F46 /* Project object */ = {
			isa = PBXProject;
			attributes = {
				LastUpgradeCheck = 1310;
				ORGANIZATIONNAME = Apple;
				TargetAttributes = {
					5FFAD4CF21C8647E00384F46 = {
						CreatedOnToolsVersion = 10.0;
					};
				};
			};
			buildConfigurationList = 5FFAD4CB21C8647E00384F46 /* Build configuration list for PBXProject "MetalComputeBasic" */;
			compatibilityVersion = "Xcode 10.0";
			developmentRegion = en;
			hasScannedForEncodings = 0;
			knownRegions = (
				en,
				Base,
			);
			mainGroup = 5FFAD4C721C8647D00384F46;
			productRefGroup = 5FFAD4D121C8647E00384F46 /* Products */;
			projectDirPath = "";
			projectRoot = "";
			targets = (
				5FFAD4CF21C8647E00384F46 /* MetalComputeBasic */,
			);
		};
/* End PBXProject section */

/* Begin PBXSourcesBuildPhase section */
		5FFAD4CC21C8647E00384F46 /* Sources */ = {
			isa = PBXSourcesBuildPhase;
			buildActionMask = 2147483647;
			files = (
				5FB82D19221CD515006D0331 /* MetalPoseidon.m in Sources */,
				5FFAD4D421C8647E00384F46 /* main.m in Sources */,
				5FFAD4DE21C869B700384F46 /* poseidon.metal in Sources */,
			);
			runOnlyForDeploymentPostprocessing = 0;
		};
/* End PBXSourcesBuildPhase section */

/* Begin XCBuildConfiguration section */
		5FFAD4D521C8647E00384F46 /* Debug */ = {
			isa = XCBuildConfiguration;
			baseConfigurationReference = 00E3B7B90BF943DB3EE281D2 /* SampleCode.xcconfig */;
			buildSettings = {
				ALWAYS_SEARCH_USER_PATHS = NO;
				CLANG_ANALYZER_NONNULL = YES;
				CLANG_ANALYZER_NUMBER_OBJECT_CONVERSION = YES_AGGRESSIVE;
				CLANG_CXX_LANGUAGE_STANDARD = "gnu++14";
				CLANG_CXX_LIBRARY = "libc++";
				CLANG_ENABLE_MODULES = YES;
				CLANG_ENABLE_OBJC_ARC = YES;
				CLANG_ENABLE_OBJC_WEAK = YES;
				CLANG_WARN_BLOCK_CAPTURE_AUTORELEASING = YES;
				CLANG_WARN_BOOL_CONVERSION = YES;
				CLANG_WARN_COMMA = YES;
				CLANG_WARN_CONSTANT_CONVERSION = YES;
				CLANG_WARN_DEPRECATED_OBJC_IMPLEMENTATIONS = YES;
				CLANG_WARN_DIRECT_OBJC_ISA_USAGE = YES_ERROR;
				CLANG_WARN_DOCUMENTATION_COMMENTS = YES;
				CLANG_WARN_EMPTY_BODY = YES;
				CLANG_WARN_ENUM_CONVERSION = YES;
				CLANG_WARN_INFINITE_RECURSION = YES;
				CLANG_WARN_INT_CONVERSION = YES;
				CLANG_WARN_NON_LITERAL_NULL_CONVERSION = YES;
				CLANG_WARN_OBJC_IMPLICIT_RETAIN_SELF = YES;
				CLANG_WARN_OBJC_LITERAL_CONVERSION = YES;
				CLANG_WARN_OBJC_ROOT_CLASS = YES_ERROR;
				CLANG_WARN_QUOTED_INCLUDE_IN_FRAMEWORK_HEADER = YES;
				CLANG_WARN_RANGE_LOOP_ANALYSIS = YES;
				CLANG_WARN_STRICT_PROTOTYPES = YES;
				CLANG_WARN_SUSPICIOUS_MOVE = YES;
				CLANG_WARN_UNGUARDED_AVAILABILITY = YES_AGGRESSIVE;
				CLANG_WARN_UNREACHABLE_CODE = YES;
				CLANG_WARN__DUPLICATE_METHOD_MATCH = YES;
				CODE_SIGN_IDENTITY = "Mac Developer";
				COPY_PHASE_STRIP = NO;
				DEBUG_INFORMATION_FORMAT = dwarf;
				ENABLE_STRICT_OBJC_MSGSEND = YES;
				ENABLE_TESTABILITY = YES;
				GCC_C_LANGUAGE_STANDARD = gnu11;
				GCC_DYNAMIC_NO_PIC = NO;
				GCC_NO_COMMON_BLOCKS = YES;
				GCC_OPTIMIZATION_LEVEL = 3;
				GCC_PREPROCESSOR_DEFINITIONS = (
					"DEBUG=1",
					"$(inherited)",
				);
				GCC_WARN_64_TO_32_BIT_CONVERSION = YES;
				GCC_WARN_ABOUT_RETURN_TYPE = YES_ERROR;
				GCC_WARN_UNDECLARED_SELECTOR = YES;
				GCC_WARN_UNINITIALIZED_AUTOS = YES_AGGRESSIVE;
				GCC_WARN_UNUSED_FUNCTION = YES;
				GCC_WARN_UNUSED_VARIABLE = YES;
				MACOSX_DEPLOYMENT_TARGET = 11.0;
				MTL_ENABLE_DEBUG_INFO = INCLUDE_SOURCE;
				MTL_FAST_MATH = YES;
				MTL_LANGUAGE_REVISION = Metal23;
				ONLY_ACTIVE_ARCH = YES;
				SDKROOT = macosx;
			};
			name = Debug;
		};
		5FFAD4D621C8647E00384F46 /* Release */ = {
			isa = XCBuildConfiguration;
			baseConfigurationReference = 00E3B7B90BF943DB3EE281D2 /* SampleCode.xcconfig */;
			buildSettings = {
				ALWAYS_SEARCH_USER_PATHS = NO;
				CLANG_ANALYZER_NONNULL = YES;
				CLANG_ANALYZER_NUMBER_OBJECT_CONVERSION = YES_AGGRESSIVE;
				CLANG_CXX_LANGUAGE_STANDARD = "gnu++14";
				CLANG_CXX_LIBRARY = "libc++";
				CLANG_ENABLE_MODULES = YES;
				CLANG_ENABLE_OBJC_ARC = YES;
				CLANG_ENABLE_OBJC_WEAK = YES;
				CLANG_WARN_BLOCK_CAPTURE_AUTORELEASING = YES;
				CLANG_WARN_BOOL_CONVERSION = YES;
				CLANG_WARN_COMMA = YES;
				CLANG_WARN_CONSTANT_CONVERSION = YES;
				CLANG_WARN_DEPRECATED_OBJC_IMPLEMENTATIONS = YES;
				CLANG_WARN_DIRECT_OBJC_ISA_USAGE = YES_ERROR;
				CLANG_WARN_DOCUMENTATION_COMMENTS = YES;
				CLANG_WARN_EMPTY_BODY = YES;
				CLANG_WARN_ENUM_CONVERSION = YES;
				CLANG_WARN_INFINITE_RECURSION = YES;
				CLANG_WARN_INT_CONVERSION = YES;
				CLANG_WARN_NON_LITERAL_NULL_CONVERSION = YES;
				CLANG_WARN_OBJC_IMPLICIT_RETAIN_SELF = YES;
				CLANG_WARN_OBJC_LITERAL_CONVERSION = YES;
				CLANG_WARN_OBJC_ROOT_CLASS = YES_ERROR;
				CLANG_WARN_QUOTED_INCLUDE_IN_FRAMEWORK_HEADER = YES;
				CLANG_WARN_RANGE_LOOP_ANALYSIS = YES;
				CLANG_WARN_STRICT_PROTOTYPES = YES;
				CLANG_WARN_SUSPICIOUS_MOVE = YES;
				CLANG_WARN_UNGUARDED_AVAILABILITY = YES_AGGRESSIVE;
				CLANG_WARN_UNREACHABLE_CODE = YES;
				CLANG_WARN__DUPLICATE_METHOD_MATCH = YES;
				CODE_SIGN_IDENTITY = "Mac Developer";
				COPY_PHASE_STRIP = NO;
				DEBUG_INFORMATION_FORMAT = "dwarf-with-dsym";
				ENABLE_NS_ASSERTIONS = NO;
				ENABLE_STRICT_OBJC_MSGSEND = YES;
				GCC_C_LANGUAGE_STANDARD = gnu11;
				GCC_NO_COMMON_BLOCKS = YES;
				GCC_OPTIMIZATION_LEVEL = 3;
				GCC_WARN_64_TO_32_BIT_CONVERSION = YES;
				GCC_WARN_ABOUT_RETURN_TYPE = YES_ERROR;
				GCC_WARN_UNDECLARED_SELECTOR = YES;
				GCC_WARN_UNINITIALIZED_AUTOS = YES_AGGRESSIVE;
				GCC_WARN_UNUSED_FUNCTION = YES;
				GCC_WARN_UNUSED_VARIABLE = YES;
				MACOSX_DEPLOYMENT_TARGET = 11.0;
				MTL_ENABLE_DEBUG_INFO = INCLUDE_SOURCE;
				MTL_FAST_MATH = YES;
				MTL_LANGUAGE_REVISION = Metal23;
				SDKROOT = macosx;
			};
			name = Release;
		};
		5FFAD4D821C8647E00384F46 /* Debug */ = {
			isa = XCBuildConfiguration;
			baseConfigurationReference = 00E3B7B90BF943DB3EE281D2 /* SampleCode.xcconfig */;
			buildSettings = {
				CODE_SIGN_IDENTITY = "-";
				CODE_SIGN_STYLE = Automatic;
				DEVELOPMENT_TEAM = "";
				INSTALL_PATH = /Applications;
				MACOSX_DEPLOYMENT_TARGET = 10.14;
				PRODUCT_NAME = "$(TARGET_NAME)";
				PROVISIONING_PROFILE_SPECIFIER = "";
			};
			name = Debug;
		};
		5FFAD4D921C8647E00384F46 /* Release */ = {
			isa = XCBuildConfiguration;
			baseConfigurationReference = 00E3B7B90BF943DB3EE281D2 /* SampleCode.xcconfig */;
			buildSettings = {
				CODE_SIGN_IDENTITY = "-";
				CODE_SIGN_STYLE = Automatic;
				DEVELOPMENT_TEAM = "";
				INSTALL_PATH = /Applications;
				MACOSX_DEPLOYMENT_TARGET = 10.14;
				PRODUCT_NAME = "$(TARGET_NAME)";
				PROVISIONING_PROFILE_SPECIFIER = "";
			};
			name = Release;
		};
/* End XCBuildConfiguration section */

/* Begin XCConfigurationList section */
		5FFAD4CB21C8647E00384F46 /* Build configuration list for PBXProject "MetalComputeBasic" */ = {
			isa = XCConfigurationList;
			buildConfigurations = (
				5FFAD4D521C8647E00384F46 /* Debug */,
				5FFAD4D621C8647E00384F46 /* Release */,
			);
			defaultConfigurationIsVisible = 0;
			defaultConfigurationName = Release;
		};
		5FFAD4D721C8647E00384F46 /* Build configuration list for PBXNativeTarget "MetalComputeBasic" */ = {
			isa = XCConfigurationList;
			buildConfigurations = (
				5FFAD4D821C8647E00384F46 /* Debug */,
				5FFAD4D921C8647E00384F46 /* Release */,
			);
			defaultConfigurationIsVisible = 0;
			defaultConfigurationName = Release;
		};
/* End XCConfigurationList section */
	};
	rootObject = 5FFAD4C821C8647E00384F46 /* Project object */;
}
